Microsoft Visual Studio Solution File, Format Version 12.00
# Visual Studio Version 17
VisualStudioVersion = 17.5.2.0
MinimumVisualStudioVersion = 10.0.40219.1
Project("{FAE04EC0-301F-11D3-BF4B-00C04F79EFBC}") = "profile-info", "profile-info.csproj", "{FBF0105A-0846-96F8-A5A8-625B2B88C779}"
EndProject
Global
	GlobalSection(SolutionConfigurationPlatforms) = preSolution
		Debug|Any CPU = Debug|Any CPU
		Release|Any CPU = Release|Any CPU
	EndGlobalSection
	GlobalSection(ProjectConfigurationPlatforms) = postSolution
		{FBF0105A-0846-96F8-A5A8-625B2B88C779}.Debug|Any CPU.ActiveCfg = Debug|Any CPU
		{FBF0105A-0846-96F8-A5A8-625B2B88C779}.Debug|Any CPU.Build.0 = Debug|Any CPU
		{FBF0105A-0846-96F8-A5A8-625B2B88C779}.Release|Any CPU.ActiveCfg = Release|Any CPU
		{FBF0105A-0846-96F8-A5A8-625B2B88C779}.Release|Any CPU.Build.0 = Release|Any CPU
	EndGlobalSection
	GlobalSection(SolutionProperties) = preSolution
		HideSolutionNode = FALSE
	EndGlobalSection
	GlobalSection(ExtensibilityGlobals) = postSolution
		SolutionGuid = {838E3EED-FFAF-4C4B-8827-7E51AAFC3572}
	EndGlobalSection
EndGlobal
